
Microsoft Visual Studio Solution File, Format Version 12.00
# Visual Studio 15
Project("{FAE04EC0-301F-11D3-BF4B-00C04F79EFBC}") = "Assembly-CSharp", "Assembly-CSharp.csproj", "{395349A5-72D4-4F0F-A48B-E935E90B7C90}"
EndProject
Project("{FAE04EC0-301F-11D3-BF4B-00C04F79EFBC}") = "Assembly-CSharp-Editor", "Assembly-CSharp-Editor.csproj", "{BBE66D08-4EAB-26C1-F10E-F15A580F1ED9}"
EndProject
Global
	GlobalSection(SolutionConfigurationPlatforms) = preSolution
		Debug|Any CPU = Debug|Any CPU
		Release|Any CPU = Release|Any CPU
	EndGlobalSection
	GlobalSection(ProjectConfigurationPlatforms) = postSolution
		{395349A5-72D4-4F0F-A48B-E935E90B7C90}.Debug|Any CPU.ActiveCfg = Debug|Any CPU
		{395349A5-72D4-4F0F-A48B-E935E90B7C90}.Debug|Any CPU.Build.0 = Debug|Any CPU
		{395349A5-72D4-4F0F-A48B-E935E90B7C90}.Release|Any CPU.ActiveCfg = Release|Any CPU
		{395349A5-72D4-4F0F-A48B-E935E90B7C90}.Release|Any CPU.Build.0 = Release|Any CPU
		{BBE66D08-4EAB-26C1-F10E-F15A580F1ED9}.Debug|Any CPU.ActiveCfg = Debug|Any CPU
		{BBE66D08-4EAB-26C1-F10E-F15A580F1ED9}.Debug|Any CPU.Build.0 = Debug|Any CPU
		{BBE66D08-4EAB-26C1-F10E-F15A580F1ED9}.Release|Any CPU.ActiveCfg = Release|Any CPU
		{BBE66D08-4EAB-26C1-F10E-F15A580F1ED9}.Release|Any CPU.Build.0 = Release|Any CPU
	EndGlobalSection
	GlobalSection(SolutionProperties) = preSolution
		HideSolutionNode = FALSE
	EndGlobalSection
EndGlobal
